
Microsoft Visual Studio Solution File, Format Version 12.00
Project("{FAE04EC0-301F-11D3-BF4B-00C04F79EFBC}") = "Day1", "Day1\Day1.csproj", "{A79F61DF-863B-4F08-9221-9BA45D4F3F2E}"
EndProject
Project("{FAE04EC0-301F-11D3-BF4B-00C04F79EFBC}") = "Day1.Tests", "Day1.Tests\Day1.Tests.csproj", "{44B29C3C-9F40-44DA-877D-02477B5E155C}"
EndProject
Project("{FAE04EC0-301F-11D3-BF4B-00C04F79EFBC}") = "Day2", "Day2\Day2.csproj", "{75A76DDE-321F-4031-B777-A87185E91CE6}"
EndProject
Project("{FAE04EC0-301F-11D3-BF4B-00C04F79EFBC}") = "Day2.Tests", "Day2.Tests\Day2.Tests.csproj", "{9E2826BA-5566-46A6-84F2-CB8B3847EA09}"
EndProject
Project("{FAE04EC0-301F-11D3-BF4B-00C04F79EFBC}") = "Day3", "Day3\Day3.csproj", "{0830013B-3897-4AE5-800F-755C71C94A91}"
EndProject
Project("{FAE04EC0-301F-11D3-BF4B-00C04F79EFBC}") = "Day3.Tests", "Day3.Tests\Day3.Tests.csproj", "{322F72F0-BDD3-4D34-B319-541B5CC8D1A2}"
EndProject
Project("{FAE04EC0-301F-11D3-BF4B-00C04F79EFBC}") = "Day4", "Day4\Day4.csproj", "{0AD2477F-8630-4A92-B69D-3AE55879C199}"
EndProject
Project("{FAE04EC0-301F-11D3-BF4B-00C04F79EFBC}") = "Day4.Tests", "Day4.Tests\Day4.Tests.csproj", "{55CDDD2E-7732-422A-A52F-35BCBE5AAEFE}"
EndProject
Project("{FAE04EC0-301F-11D3-BF4B-00C04F79EFBC}") = "Day5", "Day5\Day5.csproj", "{EE7276D0-D910-4625-BCDC-4ABF5591979D}"
EndProject
Project("{FAE04EC0-301F-11D3-BF4B-00C04F79EFBC}") = "Day5.Tests", "Day5.Tests\Day5.Tests.csproj", "{F9050F61-0642-44BC-B2DF-6FD0640362F7}"
EndProject
Project("{FAE04EC0-301F-11D3-BF4B-00C04F79EFBC}") = "Day6", "Day6\Day6.csproj", "{84A0A3F1-45A2-40E1-8AB5-7772CB9B7FA8}"
EndProject
Project("{FAE04EC0-301F-11D3-BF4B-00C04F79EFBC}") = "Day6.Tests", "Day6.Tests\Day6.Tests.csproj", "{5244E5A6-3BA5-449D-9997-F41F1A9B5F27}"
EndProject
Global
	GlobalSection(SolutionConfigurationPlatforms) = preSolution
		Debug|Any CPU = Debug|Any CPU
		Release|Any CPU = Release|Any CPU
	EndGlobalSection
	GlobalSection(ProjectConfigurationPlatforms) = postSolution
		{A79F61DF-863B-4F08-9221-9BA45D4F3F2E}.Debug|Any CPU.ActiveCfg = Debug|Any CPU
		{A79F61DF-863B-4F08-9221-9BA45D4F3F2E}.Debug|Any CPU.Build.0 = Debug|Any CPU
		{A79F61DF-863B-4F08-9221-9BA45D4F3F2E}.Release|Any CPU.ActiveCfg = Release|Any CPU
		{A79F61DF-863B-4F08-9221-9BA45D4F3F2E}.Release|Any CPU.Build.0 = Release|Any CPU
		{44B29C3C-9F40-44DA-877D-02477B5E155C}.Debug|Any CPU.ActiveCfg = Debug|Any CPU
		{44B29C3C-9F40-44DA-877D-02477B5E155C}.Debug|Any CPU.Build.0 = Debug|Any CPU
		{44B29C3C-9F40-44DA-877D-02477B5E155C}.Release|Any CPU.ActiveCfg = Release|Any CPU
		{44B29C3C-9F40-44DA-877D-02477B5E155C}.Release|Any CPU.Build.0 = Release|Any CPU
		{75A76DDE-321F-4031-B777-A87185E91CE6}.Debug|Any CPU.ActiveCfg = Debug|Any CPU
		{75A76DDE-321F-4031-B777-A87185E91CE6}.Debug|Any CPU.Build.0 = Debug|Any CPU
		{75A76DDE-321F-4031-B777-A87185E91CE6}.Release|Any CPU.ActiveCfg = Release|Any CPU
		{75A76DDE-321F-4031-B777-A87185E91CE6}.Release|Any CPU.Build.0 = Release|Any CPU
		{9E2826BA-5566-46A6-84F2-CB8B3847EA09}.Debug|Any CPU.ActiveCfg = Debug|Any CPU
		{9E2826BA-5566-46A6-84F2-CB8B3847EA09}.Debug|Any CPU.Build.0 = Debug|Any CPU
		{9E2826BA-5566-46A6-84F2-CB8B3847EA09}.Release|Any CPU.ActiveCfg = Release|Any CPU
		{9E2826BA-5566-46A6-84F2-CB8B3847EA09}.Release|Any CPU.Build.0 = Release|Any CPU
		{0830013B-3897-4AE5-800F-755C71C94A91}.Debug|Any CPU.ActiveCfg = Debug|Any CPU
		{0830013B-3897-4AE5-800F-755C71C94A91}.Debug|Any CPU.Build.0 = Debug|Any CPU
		{0830013B-3897-4AE5-800F-755C71C94A91}.Release|Any CPU.ActiveCfg = Release|Any CPU
		{0830013B-3897-4AE5-800F-755C71C94A91}.Release|Any CPU.Build.0 = Release|Any CPU
		{322F72F0-BDD3-4D34-B319-541B5CC8D1A2}.Debug|Any CPU.ActiveCfg = Debug|Any CPU
		{322F72F0-BDD3-4D34-B319-541B5CC8D1A2}.Debug|Any CPU.Build.0 = Debug|Any CPU
		{322F72F0-BDD3-4D34-B319-541B5CC8D1A2}.Release|Any CPU.ActiveCfg = Release|Any CPU
		{322F72F0-BDD3-4D34-B319-541B5CC8D1A2}.Release|Any CPU.Build.0 = Release|Any CPU
		{0AD2477F-8630-4A92-B69D-3AE55879C199}.Debug|Any CPU.ActiveCfg = Debug|Any CPU
		{0AD2477F-8630-4A92-B69D-3AE55879C199}.Debug|Any CPU.Build.0 = Debug|Any CPU
		{0AD2477F-8630-4A92-B69D-3AE55879C199}.Release|Any CPU.ActiveCfg = Release|Any CPU
		{0AD2477F-8630-4A92-B69D-3AE55879C199}.Release|Any CPU.Build.0 = Release|Any CPU
		{55CDDD2E-7732-422A-A52F-35BCBE5AAEFE}.Debug|Any CPU.ActiveCfg = Debug|Any CPU
		{55CDDD2E-7732-422A-A52F-35BCBE5AAEFE}.Debug|Any CPU.Build.0 = Debug|Any CPU
		{55CDDD2E-7732-422A-A52F-35BCBE5AAEFE}.Release|Any CPU.ActiveCfg = Release|Any CPU
		{55CDDD2E-7732-422A-A52F-35BCBE5AAEFE}.Release|Any CPU.Build.0 = Release|Any CPU
		{EE7276D0-D910-4625-BCDC-4ABF5591979D}.Debug|Any CPU.ActiveCfg = Debug|Any CPU
		{EE7276D0-D910-4625-BCDC-4ABF5591979D}.Debug|Any CPU.Build.0 = Debug|Any CPU
		{EE7276D0-D910-4625-BCDC-4ABF5591979D}.Release|Any CPU.ActiveCfg = Release|Any CPU
		{EE7276D0-D910-4625-BCDC-4ABF5591979D}.Release|Any CPU.Build.0 = Release|Any CPU
		{F9050F61-0642-44BC-B2DF-6FD0640362F7}.Debug|Any CPU.ActiveCfg = Debug|Any CPU
		{F9050F61-0642-44BC-B2DF-6FD0640362F7}.Debug|Any CPU.Build.0 = Debug|Any CPU
		{F9050F61-0642-44BC-B2DF-6FD0640362F7}.Release|Any CPU.ActiveCfg = Release|Any CPU
		{F9050F61-0642-44BC-B2DF-6FD0640362F7}.Release|Any CPU.Build.0 = Release|Any CPU
		{84A0A3F1-45A2-40E1-8AB5-7772CB9B7FA8}.Debug|Any CPU.ActiveCfg = Debug|Any CPU
		{84A0A3F1-45A2-40E1-8AB5-7772CB9B7FA8}.Debug|Any CPU.Build.0 = Debug|Any CPU
		{84A0A3F1-45A2-40E1-8AB5-7772CB9B7FA8}.Release|Any CPU.ActiveCfg = Release|Any CPU
		{84A0A3F1-45A2-40E1-8AB5-7772CB9B7FA8}.Release|Any CPU.Build.0 = Release|Any CPU
		{5244E5A6-3BA5-449D-9997-F41F1A9B5F27}.Debug|Any CPU.ActiveCfg = Debug|Any CPU
		{5244E5A6-3BA5-449D-9997-F41F1A9B5F27}.Debug|Any CPU.Build.0 = Debug|Any CPU
		{5244E5A6-3BA5-449D-9997-F41F1A9B5F27}.Release|Any CPU.ActiveCfg = Release|Any CPU
		{5244E5A6-3BA5-449D-9997-F41F1A9B5F27}.Release|Any CPU.Build.0 = Release|Any CPU
	EndGlobalSection
EndGlobal
