
Microsoft Visual Studio Solution File, Format Version 12.00
Project("{FAE04EC0-301F-11D3-BF4B-00C04F79EFBC}") = "Day1", "Day1\Day1.csproj", "{A79F61DF-863B-4F08-9221-9BA45D4F3F2E}"
EndProject
Project("{FAE04EC0-301F-11D3-BF4B-00C04F79EFBC}") = "Day1.Tests", "Day1.Tests\Day1.Tests.csproj", "{44B29C3C-9F40-44DA-877D-02477B5E155C}"
EndProject
Project("{FAE04EC0-301F-11D3-BF4B-00C04F79EFBC}") = "Day2", "Day2\Day2.csproj", "{75A76DDE-321F-4031-B777-A87185E91CE6}"
EndProject
Project("{FAE04EC0-301F-11D3-BF4B-00C04F79EFBC}") = "Day2.Tests", "Day2.Tests\Day2.Tests.csproj", "{9E2826BA-5566-46A6-84F2-CB8B3847EA09}"
EndProject
Project("{FAE04EC0-301F-11D3-BF4B-00C04F79EFBC}") = "Day3", "Day3\Day3.csproj", "{0830013B-3897-4AE5-800F-755C71C94A91}"
EndProject
Project("{FAE04EC0-301F-11D3-BF4B-00C04F79EFBC}") = "Day3.Tests", "Day3.Tests\Day3.Tests.csproj", "{322F72F0-BDD3-4D34-B319-541B5CC8D1A2}"
EndProject
Project("{FAE04EC0-301F-11D3-BF4B-00C04F79EFBC}") = "Day4", "Day4\Day4.csproj", "{0AD2477F-8630-4A92-B69D-3AE55879C199}"
EndProject
Project("{FAE04EC0-301F-11D3-BF4B-00C04F79EFBC}") = "Day4.Tests", "Day4.Tests\Day4.Tests.csproj", "{55CDDD2E-7732-422A-A52F-35BCBE5AAEFE}"
EndProject
Project("{FAE04EC0-301F-11D3-BF4B-00C04F79EFBC}") = "Day5", "Day5\Day5.csproj", "{EE7276D0-D910-4625-BCDC-4ABF5591979D}"
EndProject
Project("{FAE04EC0-301F-11D3-BF4B-00C04F79EFBC}") = "Day5.Tests", "Day5.Tests\Day5.Tests.csproj", "{F9050F61-0642-44BC-B2DF-6FD0640362F7}"
EndProject
Project("{FAE04EC0-301F-11D3-BF4B-00C04F79EFBC}") = "Day6", "Day6\Day6.csproj", "{84A0A3F1-45A2-40E1-8AB5-7772CB9B7FA8}"
EndProject
Project("{FAE04EC0-301F-11D3-BF4B-00C04F79EFBC}") = "Day6.Tests", "Day6.Tests\Day6.Tests.csproj", "{5244E5A6-3BA5-449D-9997-F41F1A9B5F27}"
EndProject
Project("{FAE04EC0-301F-11D3-BF4B-00C04F79EFBC}") = "Day7", "Day7\Day7.csproj", "{EF94E2CD-1F4D-4CA4-A886-5FB08EFA0105}"
EndProject
Project("{FAE04EC0-301F-11D3-BF4B-00C04F79EFBC}") = "Day7.Tests", "Day7.Tests\Day7.Tests.csproj", "{8CA48A87-37E3-46D2-8327-E9C7C23720BD}"
EndProject
Project("{FAE04EC0-301F-11D3-BF4B-00C04F79EFBC}") = "Day8", "Day8\Day8.csproj", "{1ECFC270-DC7B-466F-8EBA-030F3BDC334F}"
EndProject
Project("{FAE04EC0-301F-11D3-BF4B-00C04F79EFBC}") = "Day8.Tests", "Day8.Tests\Day8.Tests.csproj", "{4644CA74-DC4C-49DD-96F0-07A349023854}"
EndProject
Project("{FAE04EC0-301F-11D3-BF4B-00C04F79EFBC}") = "Day9", "Day9\Day9.csproj", "{20BE1A3D-6A92-4305-A82A-8F65021FDCEA}"
EndProject
Project("{FAE04EC0-301F-11D3-BF4B-00C04F79EFBC}") = "Day9.Tests", "Day9.Tests\Day9.Tests.csproj", "{5583B6C2-461C-4B2B-9BBF-AA0A64C65EAD}"
EndProject
Project("{FAE04EC0-301F-11D3-BF4B-00C04F79EFBC}") = "Day10", "Day10\Day10.csproj", "{60A0B64D-2B5E-4F41-91CE-C008AB03A1C5}"
EndProject
Project("{FAE04EC0-301F-11D3-BF4B-00C04F79EFBC}") = "Day10.Tests", "Day10.Tests\Day10.Tests.csproj", "{6EAA4F71-07B4-4176-A49C-43151FEAF307}"
EndProject
Global
	GlobalSection(SolutionConfigurationPlatforms) = preSolution
		Debug|Any CPU = Debug|Any CPU
		Release|Any CPU = Release|Any CPU
	EndGlobalSection
	GlobalSection(ProjectConfigurationPlatforms) = postSolution
		{A79F61DF-863B-4F08-9221-9BA45D4F3F2E}.Debug|Any CPU.ActiveCfg = Debug|Any CPU
		{A79F61DF-863B-4F08-9221-9BA45D4F3F2E}.Debug|Any CPU.Build.0 = Debug|Any CPU
		{A79F61DF-863B-4F08-9221-9BA45D4F3F2E}.Release|Any CPU.ActiveCfg = Release|Any CPU
		{A79F61DF-863B-4F08-9221-9BA45D4F3F2E}.Release|Any CPU.Build.0 = Release|Any CPU
		{44B29C3C-9F40-44DA-877D-02477B5E155C}.Debug|Any CPU.ActiveCfg = Debug|Any CPU
		{44B29C3C-9F40-44DA-877D-02477B5E155C}.Debug|Any CPU.Build.0 = Debug|Any CPU
		{44B29C3C-9F40-44DA-877D-02477B5E155C}.Release|Any CPU.ActiveCfg = Release|Any CPU
		{44B29C3C-9F40-44DA-877D-02477B5E155C}.Release|Any CPU.Build.0 = Release|Any CPU
		{75A76DDE-321F-4031-B777-A87185E91CE6}.Debug|Any CPU.ActiveCfg = Debug|Any CPU
		{75A76DDE-321F-4031-B777-A87185E91CE6}.Debug|Any CPU.Build.0 = Debug|Any CPU
		{75A76DDE-321F-4031-B777-A87185E91CE6}.Release|Any CPU.ActiveCfg = Release|Any CPU
		{75A76DDE-321F-4031-B777-A87185E91CE6}.Release|Any CPU.Build.0 = Release|Any CPU
		{9E2826BA-5566-46A6-84F2-CB8B3847EA09}.Debug|Any CPU.ActiveCfg = Debug|Any CPU
		{9E2826BA-5566-46A6-84F2-CB8B3847EA09}.Debug|Any CPU.Build.0 = Debug|Any CPU
		{9E2826BA-5566-46A6-84F2-CB8B3847EA09}.Release|Any CPU.ActiveCfg = Release|Any CPU
		{9E2826BA-5566-46A6-84F2-CB8B3847EA09}.Release|Any CPU.Build.0 = Release|Any CPU
		{0830013B-3897-4AE5-800F-755C71C94A91}.Debug|Any CPU.ActiveCfg = Debug|Any CPU
		{0830013B-3897-4AE5-800F-755C71C94A91}.Debug|Any CPU.Build.0 = Debug|Any CPU
		{0830013B-3897-4AE5-800F-755C71C94A91}.Release|Any CPU.ActiveCfg = Release|Any CPU
		{0830013B-3897-4AE5-800F-755C71C94A91}.Release|Any CPU.Build.0 = Release|Any CPU
		{322F72F0-BDD3-4D34-B319-541B5CC8D1A2}.Debug|Any CPU.ActiveCfg = Debug|Any CPU
		{322F72F0-BDD3-4D34-B319-541B5CC8D1A2}.Debug|Any CPU.Build.0 = Debug|Any CPU
		{322F72F0-BDD3-4D34-B319-541B5CC8D1A2}.Release|Any CPU.ActiveCfg = Release|Any CPU
		{322F72F0-BDD3-4D34-B319-541B5CC8D1A2}.Release|Any CPU.Build.0 = Release|Any CPU
		{0AD2477F-8630-4A92-B69D-3AE55879C199}.Debug|Any CPU.ActiveCfg = Debug|Any CPU
		{0AD2477F-8630-4A92-B69D-3AE55879C199}.Debug|Any CPU.Build.0 = Debug|Any CPU
		{0AD2477F-8630-4A92-B69D-3AE55879C199}.Release|Any CPU.ActiveCfg = Release|Any CPU
		{0AD2477F-8630-4A92-B69D-3AE55879C199}.Release|Any CPU.Build.0 = Release|Any CPU
		{55CDDD2E-7732-422A-A52F-35BCBE5AAEFE}.Debug|Any CPU.ActiveCfg = Debug|Any CPU
		{55CDDD2E-7732-422A-A52F-35BCBE5AAEFE}.Debug|Any CPU.Build.0 = Debug|Any CPU
		{55CDDD2E-7732-422A-A52F-35BCBE5AAEFE}.Release|Any CPU.ActiveCfg = Release|Any CPU
		{55CDDD2E-7732-422A-A52F-35BCBE5AAEFE}.Release|Any CPU.Build.0 = Release|Any CPU
		{EE7276D0-D910-4625-BCDC-4ABF5591979D}.Debug|Any CPU.ActiveCfg = Debug|Any CPU
		{EE7276D0-D910-4625-BCDC-4ABF5591979D}.Debug|Any CPU.Build.0 = Debug|Any CPU
		{EE7276D0-D910-4625-BCDC-4ABF5591979D}.Release|Any CPU.ActiveCfg = Release|Any CPU
		{EE7276D0-D910-4625-BCDC-4ABF5591979D}.Release|Any CPU.Build.0 = Release|Any CPU
		{F9050F61-0642-44BC-B2DF-6FD0640362F7}.Debug|Any CPU.ActiveCfg = Debug|Any CPU
		{F9050F61-0642-44BC-B2DF-6FD0640362F7}.Debug|Any CPU.Build.0 = Debug|Any CPU
		{F9050F61-0642-44BC-B2DF-6FD0640362F7}.Release|Any CPU.ActiveCfg = Release|Any CPU
		{F9050F61-0642-44BC-B2DF-6FD0640362F7}.Release|Any CPU.Build.0 = Release|Any CPU
		{84A0A3F1-45A2-40E1-8AB5-7772CB9B7FA8}.Debug|Any CPU.ActiveCfg = Debug|Any CPU
		{84A0A3F1-45A2-40E1-8AB5-7772CB9B7FA8}.Debug|Any CPU.Build.0 = Debug|Any CPU
		{84A0A3F1-45A2-40E1-8AB5-7772CB9B7FA8}.Release|Any CPU.ActiveCfg = Release|Any CPU
		{84A0A3F1-45A2-40E1-8AB5-7772CB9B7FA8}.Release|Any CPU.Build.0 = Release|Any CPU
		{5244E5A6-3BA5-449D-9997-F41F1A9B5F27}.Debug|Any CPU.ActiveCfg = Debug|Any CPU
		{5244E5A6-3BA5-449D-9997-F41F1A9B5F27}.Debug|Any CPU.Build.0 = Debug|Any CPU
		{5244E5A6-3BA5-449D-9997-F41F1A9B5F27}.Release|Any CPU.ActiveCfg = Release|Any CPU
		{5244E5A6-3BA5-449D-9997-F41F1A9B5F27}.Release|Any CPU.Build.0 = Release|Any CPU
		{EF94E2CD-1F4D-4CA4-A886-5FB08EFA0105}.Debug|Any CPU.ActiveCfg = Debug|Any CPU
		{EF94E2CD-1F4D-4CA4-A886-5FB08EFA0105}.Debug|Any CPU.Build.0 = Debug|Any CPU
		{EF94E2CD-1F4D-4CA4-A886-5FB08EFA0105}.Release|Any CPU.ActiveCfg = Release|Any CPU
		{EF94E2CD-1F4D-4CA4-A886-5FB08EFA0105}.Release|Any CPU.Build.0 = Release|Any CPU
		{8CA48A87-37E3-46D2-8327-E9C7C23720BD}.Debug|Any CPU.ActiveCfg = Debug|Any CPU
		{8CA48A87-37E3-46D2-8327-E9C7C23720BD}.Debug|Any CPU.Build.0 = Debug|Any CPU
		{8CA48A87-37E3-46D2-8327-E9C7C23720BD}.Release|Any CPU.ActiveCfg = Release|Any CPU
		{8CA48A87-37E3-46D2-8327-E9C7C23720BD}.Release|Any CPU.Build.0 = Release|Any CPU
		{1ECFC270-DC7B-466F-8EBA-030F3BDC334F}.Debug|Any CPU.ActiveCfg = Debug|Any CPU
		{1ECFC270-DC7B-466F-8EBA-030F3BDC334F}.Debug|Any CPU.Build.0 = Debug|Any CPU
		{1ECFC270-DC7B-466F-8EBA-030F3BDC334F}.Release|Any CPU.ActiveCfg = Release|Any CPU
		{1ECFC270-DC7B-466F-8EBA-030F3BDC334F}.Release|Any CPU.Build.0 = Release|Any CPU
		{4644CA74-DC4C-49DD-96F0-07A349023854}.Debug|Any CPU.ActiveCfg = Debug|Any CPU
		{4644CA74-DC4C-49DD-96F0-07A349023854}.Debug|Any CPU.Build.0 = Debug|Any CPU
		{4644CA74-DC4C-49DD-96F0-07A349023854}.Release|Any CPU.ActiveCfg = Release|Any CPU
		{4644CA74-DC4C-49DD-96F0-07A349023854}.Release|Any CPU.Build.0 = Release|Any CPU
		{20BE1A3D-6A92-4305-A82A-8F65021FDCEA}.Debug|Any CPU.ActiveCfg = Debug|Any CPU
		{20BE1A3D-6A92-4305-A82A-8F65021FDCEA}.Debug|Any CPU.Build.0 = Debug|Any CPU
		{20BE1A3D-6A92-4305-A82A-8F65021FDCEA}.Release|Any CPU.ActiveCfg = Release|Any CPU
		{20BE1A3D-6A92-4305-A82A-8F65021FDCEA}.Release|Any CPU.Build.0 = Release|Any CPU
		{5583B6C2-461C-4B2B-9BBF-AA0A64C65EAD}.Debug|Any CPU.ActiveCfg = Debug|Any CPU
		{5583B6C2-461C-4B2B-9BBF-AA0A64C65EAD}.Debug|Any CPU.Build.0 = Debug|Any CPU
		{5583B6C2-461C-4B2B-9BBF-AA0A64C65EAD}.Release|Any CPU.ActiveCfg = Release|Any CPU
		{5583B6C2-461C-4B2B-9BBF-AA0A64C65EAD}.Release|Any CPU.Build.0 = Release|Any CPU
		{60A0B64D-2B5E-4F41-91CE-C008AB03A1C5}.Debug|Any CPU.ActiveCfg = Debug|Any CPU
		{60A0B64D-2B5E-4F41-91CE-C008AB03A1C5}.Debug|Any CPU.Build.0 = Debug|Any CPU
		{60A0B64D-2B5E-4F41-91CE-C008AB03A1C5}.Release|Any CPU.ActiveCfg = Release|Any CPU
		{60A0B64D-2B5E-4F41-91CE-C008AB03A1C5}.Release|Any CPU.Build.0 = Release|Any CPU
		{6EAA4F71-07B4-4176-A49C-43151FEAF307}.Debug|Any CPU.ActiveCfg = Debug|Any CPU
		{6EAA4F71-07B4-4176-A49C-43151FEAF307}.Debug|Any CPU.Build.0 = Debug|Any CPU
		{6EAA4F71-07B4-4176-A49C-43151FEAF307}.Release|Any CPU.ActiveCfg = Release|Any CPU
		{6EAA4F71-07B4-4176-A49C-43151FEAF307}.Release|Any CPU.Build.0 = Release|Any CPU
	EndGlobalSection
EndGlobal
